PODS:
  - Flutter (1.0.0)
  - gamecenter (0.0.1):
    - Flutter

DEPENDENCIES:
  - Flutter (from `Flutter`)
  - gamecenter (from `.symlinks/plugins/gamecenter/ios`)

EXTERNAL SOURCES:
  Flutter:
    :path: Flutter
  gamecenter:
    :path: ".symlinks/plugins/gamecenter/ios"

SPEC CHECKSUMS:
  Flutter: 0e3d915762c693b495b44d77113d4970485de6ec
  gamecenter: ebc32ece60098ec8f083a9d215d6d54124b96fa7

PODFILE CHECKSUM: 1b66dae606f75376c5f2135a8290850eeb09ae83

COCOAPODS: 1.8.4
